// !$*UTF8*$!
{
	archiveVersion = 1;
	classes = {
	};
	objectVersion = 50;
	objects = {

/* Begin PBXBuildFile section */
		040B7ABC25F0443900ACC1AC /* AppDelegate.swift in Sources */ = {isa = PBXBuildFile; fileRef = 040B7ABB25F0443900ACC1AC /* AppDelegate.swift */; };
		040B7ABE25F0443900ACC1AC /* SceneDelegate.swift in Sources */ = {isa = PBXBuildFile; fileRef = 040B7ABD25F0443900ACC1AC /* SceneDelegate.swift */; };
		040B7AC025F0443900ACC1AC /* ViewController.swift in Sources */ = {isa = PBXBuildFile; fileRef = 040B7ABF25F0443900ACC1AC /* ViewController.swift */; };
		040B7AC325F0443900ACC1AC /* Main.storyboard in Resources */ = {isa = PBXBuildFile; fileRef = 040B7AC125F0443900ACC1AC /* Main.storyboard */; };
		040B7AC525F0443B00ACC1AC /* Assets.xcassets in Resources */ = {isa = PBXBuildFile; fileRef = 040B7AC425F0443B00ACC1AC /* Assets.xcassets */; };
		040B7AC825F0443B00ACC1AC /* LaunchScreen.storyboard in Resources */ = {isa = PBXBuildFile; fileRef = 040B7AC625F0443B00ACC1AC /* LaunchScreen.storyboard */; };
		040B7AE325F06AB500ACC1AC /* ShadowView.swift in Sources */ = {isa = PBXBuildFile; fileRef = 040B7AE225F06AB500ACC1AC /* ShadowView.swift */; };
		04A72FF02613E02400F951AD /* DrinksTableViewCell.swift in Sources */ = {isa = PBXBuildFile; fileRef = 04A72FEF2613E02400F951AD /* DrinksTableViewCell.swift */; };
		04A72FFE2613ED0800F951AD /* ShadowField.swift in Sources */ = {isa = PBXBuildFile; fileRef = 04A72FFD2613ED0800F951AD /* ShadowField.swift */; };
		04A7300B26153D2500F951AD /* AddDrinksViewController.swift in Sources */ = {isa = PBXBuildFile; fileRef = 04A7300A26153D2500F951AD /* AddDrinksViewController.swift */; };
		04A7300E26153FAD00F951AD /* SaveButton.swift in Sources */ = {isa = PBXBuildFile; fileRef = 04A7300D26153FAD00F951AD /* SaveButton.swift */; };
/* End PBXBuildFile section */

/* Begin PBXFileReference section */
		040B7AB825F0443900ACC1AC /* CheckMyLiquid.app */ = {isa = PBXFileReference; explicitFileType = wrapper.application; includeInIndex = 0; path = CheckMyLiquid.app; sourceTree = BUILT_PRODUCTS_DIR; };
		040B7ABB25F0443900ACC1AC /* AppDelegate.swift */ = {isa = PBXFileReference; lastKnownFileType = sourcecode.swift; path = AppDelegate.swift; sourceTree = "<group>"; };
		040B7ABD25F0443900ACC1AC /* SceneDelegate.swift */ = {isa = PBXFileReference; lastKnownFileType = sourcecode.swift; path = SceneDelegate.swift; sourceTree = "<group>"; };
		040B7ABF25F0443900ACC1AC /* ViewController.swift */ = {isa = PBXFileReference; lastKnownFileType = sourcecode.swift; path = ViewController.swift; sourceTree = "<group>"; };
		040B7AC225F0443900ACC1AC /* Base */ = {isa = PBXFileReference; lastKnownFileType = file.storyboard; name = Base; path = Base.lproj/Main.storyboard; sourceTree = "<group>"; };
		040B7AC425F0443B00ACC1AC /* Assets.xcassets */ = {isa = PBXFileReference; lastKnownFileType = folder.assetcatalog; path = Assets.xcassets; sourceTree = "<group>"; };
		040B7AC725F0443B00ACC1AC /* Base */ = {isa = PBXFileReference; lastKnownFileType = file.storyboard; name = Base; path = Base.lproj/LaunchScreen.storyboard; sourceTree = "<group>"; };
		040B7AC925F0443B00ACC1AC /* Info.plist */ = {isa = PBXFileReference; lastKnownFileType = text.plist.xml; path = Info.plist; sourceTree = "<group>"; };
		040B7AE225F06AB500ACC1AC /* ShadowView.swift */ = {isa = PBXFileReference; lastKnownFileType = sourcecode.swift; path = ShadowView.swift; sourceTree = "<group>"; };
		04A72FEF2613E02400F951AD /* DrinksTableViewCell.swift */ = {isa = PBXFileReference; lastKnownFileType = sourcecode.swift; path = DrinksTableViewCell.swift; sourceTree = "<group>"; };
		04A72FFD2613ED0800F951AD /* ShadowField.swift */ = {isa = PBXFileReference; lastKnownFileType = sourcecode.swift; path = ShadowField.swift; sourceTree = "<group>"; };
		04A7300A26153D2500F951AD /* AddDrinksViewController.swift */ = {isa = PBXFileReference; lastKnownFileType = sourcecode.swift; path = AddDrinksViewController.swift; sourceTree = "<group>"; };
		04A7300D26153FAD00F951AD /* SaveButton.swift */ = {isa = PBXFileReference; lastKnownFileType = sourcecode.swift; path = SaveButton.swift; sourceTree = "<group>"; };
/* End PBXFileReference section */

/* Begin PBXFrameworksBuildPhase section */
		040B7AB525F0443900ACC1AC /* Frameworks */ = {
			isa = PBXFrameworksBuildPhase;
			buildActionMask = 2147483647;
			files = (
			);
			runOnlyForDeploymentPostprocessing = 0;
		};
/* End PBXFrameworksBuildPhase section */

/* Begin PBXGroup section */
		040B7AAF25F0443900ACC1AC = {
			isa = PBXGroup;
			children = (
				040B7ABA25F0443900ACC1AC /* CheckMyLiquid */,
				040B7AB925F0443900ACC1AC /* Products */,
			);
			sourceTree = "<group>";
		};
		040B7AB925F0443900ACC1AC /* Products */ = {
			isa = PBXGroup;
			children = (
				040B7AB825F0443900ACC1AC /* CheckMyLiquid.app */,
			);
			name = Products;
			sourceTree = "<group>";
		};
		040B7ABA25F0443900ACC1AC /* CheckMyLiquid */ = {
			isa = PBXGroup;
			children = (
				040B7AE125F06AA300ACC1AC /* Views */,
				040B7ABB25F0443900ACC1AC /* AppDelegate.swift */,
				040B7ABD25F0443900ACC1AC /* SceneDelegate.swift */,
				040B7ABF25F0443900ACC1AC /* ViewController.swift */,
				040B7AC125F0443900ACC1AC /* Main.storyboard */,
				04A7300A26153D2500F951AD /* AddDrinksViewController.swift */,
				040B7AC425F0443B00ACC1AC /* Assets.xcassets */,
				040B7AC625F0443B00ACC1AC /* LaunchScreen.storyboard */,
				040B7AC925F0443B00ACC1AC /* Info.plist */,
				04A72FEF2613E02400F951AD /* DrinksTableViewCell.swift */,
			);
			path = CheckMyLiquid;
			sourceTree = "<group>";
		};
		040B7AE125F06AA300ACC1AC /* Views */ = {
			isa = PBXGroup;
			children = (
				040B7AE225F06AB500ACC1AC /* ShadowView.swift */,
				04A72FFD2613ED0800F951AD /* ShadowField.swift */,
				04A7300D26153FAD00F951AD /* SaveButton.swift */,
			);
			path = Views;
			sourceTree = "<group>";
		};
/* End PBXGroup section */

/* Begin PBXNativeTarget section */
		040B7AB725F0443900ACC1AC /* CheckMyLiquid */ = {
			isa = PBXNativeTarget;
			buildConfigurationList = 040B7ACC25F0443B00ACC1AC /* Build configuration list for PBXNativeTarget "CheckMyLiquid" */;
			buildPhases = (
				040B7AB425F0443900ACC1AC /* Sources */,
				040B7AB525F0443900ACC1AC /* Frameworks */,
				040B7AB625F0443900ACC1AC /* Resources */,
			);
			buildRules = (
			);
			dependencies = (
			);
			name = CheckMyLiquid;
			productName = CheckMyLiquid;
			productReference = 040B7AB825F0443900ACC1AC /* CheckMyLiquid.app */;
			productType = "com.apple.product-type.application";
		};
/* End PBXNativeTarget section */

/* Begin PBXProject section */
		040B7AB025F0443900ACC1AC /* Project object */ = {
			isa = PBXProject;
			attributes = {
				LastSwiftUpdateCheck = 1240;
				LastUpgradeCheck = 1240;
				TargetAttributes = {
					040B7AB725F0443900ACC1AC = {
						CreatedOnToolsVersion = 12.4;
					};
				};
			};
			buildConfigurationList = 040B7AB325F0443900ACC1AC /* Build configuration list for PBXProject "CheckMyLiquid" */;
			compatibilityVersion = "Xcode 9.3";
			developmentRegion = en;
			hasScannedForEncodings = 0;
			knownRegions = (
				en,
				Base,
			);
			mainGroup = 040B7AAF25F0443900ACC1AC;
			productRefGroup = 040B7AB925F0443900ACC1AC /* Products */;
			projectDirPath = "";
			projectRoot = "";
			targets = (
				040B7AB725F0443900ACC1AC /* CheckMyLiquid */,
			);
		};
/* End PBXProject section */

/* Begin PBXResourcesBuildPhase section */
		040B7AB625F0443900ACC1AC /* Resources */ = {
			isa = PBXResourcesBuildPhase;
			buildActionMask = 2147483647;
			files = (
				040B7AC825F0443B00ACC1AC /* LaunchScreen.storyboard in Resources */,
				040B7AC525F0443B00ACC1AC /* Assets.xcassets in Resources */,
				040B7AC325F0443900ACC1AC /* Main.storyboard in Resources */,
			);
			runOnlyForDeploymentPostprocessing = 0;
		};
/* End PBXResourcesBuildPhase section */

/* Begin PBXSourcesBuildPhase section */
		040B7AB425F0443900ACC1AC /* Sources */ = {
			isa = PBXSourcesBuildPhase;
			buildActionMask = 2147483647;
			files = (
				04A7300B26153D2500F951AD /* AddDrinksViewController.swift in Sources */,
				040B7AE325F06AB500ACC1AC /* ShadowView.swift in Sources */,
				04A72FF02613E02400F951AD /* DrinksTableViewCell.swift in Sources */,
				040B7AC025F0443900ACC1AC /* ViewController.swift in Sources */,
				04A72FFE2613ED0800F951AD /* ShadowField.swift in Sources */,
				040B7ABC25F0443900ACC1AC /* AppDelegate.swift in Sources */,
				04A7300E26153FAD00F951AD /* SaveButton.swift in Sources */,
				040B7ABE25F0443900ACC1AC /* SceneDelegate.swift in Sources */,
			);
			runOnlyForDeploymentPostprocessing = 0;
		};
/* End PBXSourcesBuildPhase section */

/* Begin PBXVariantGroup section */
		040B7AC125F0443900ACC1AC /* Main.storyboard */ = {
			isa = PBXVariantGroup;
			children = (
				040B7AC225F0443900ACC1AC /* Base */,
			);
			name = Main.storyboard;
			sourceTree = "<group>";
		};
		040B7AC625F0443B00ACC1AC /* LaunchScreen.storyboard */ = {
			isa = PBXVariantGroup;
			children = (
				040B7AC725F0443B00ACC1AC /* Base */,
			);
			name = LaunchScreen.storyboard;
			sourceTree = "<group>";
		};
/* End PBXVariantGroup section */

/* Begin XCBuildConfiguration section */
		040B7ACA25F0443B00ACC1AC /* Debug */ = {
			isa = XCBuildConfiguration;
			buildSettings = {
				ALWAYS_SEARCH_USER_PATHS = NO;
				CLANG_ANALYZER_NONNULL = YES;
				CLANG_ANALYZER_NUMBER_OBJECT_CONVERSION = YES_AGGRESSIVE;
				CLANG_CXX_LANGUAGE_STANDARD = "gnu++14";
				CLANG_CXX_LIBRARY = "libc++";
				CLANG_ENABLE_MODULES = YES;
				CLANG_ENABLE_OBJC_ARC = YES;
				CLANG_ENABLE_OBJC_WEAK = YES;
				CLANG_WARN_BLOCK_CAPTURE_AUTORELEASING = YES;
				CLANG_WARN_BOOL_CONVERSION = YES;
				CLANG_WARN_COMMA = YES;
				CLANG_WARN_CONSTANT_CONVERSION = YES;
				CLANG_WARN_DEPRECATED_OBJC_IMPLEMENTATIONS = YES;
				CLANG_WARN_DIRECT_OBJC_ISA_USAGE = YES_ERROR;
				CLANG_WARN_DOCUMENTATION_COMMENTS = YES;
				CLANG_WARN_EMPTY_BODY = YES;
				CLANG_WARN_ENUM_CONVERSION = YES;
				CLANG_WARN_INFINITE_RECURSION = YES;
				CLANG_WARN_INT_CONVERSION = YES;
				CLANG_WARN_NON_LITERAL_NULL_CONVERSION = YES;
				CLANG_WARN_OBJC_IMPLICIT_RETAIN_SELF = YES;
				CLANG_WARN_OBJC_LITERAL_CONVERSION = YES;
				CLANG_WARN_OBJC_ROOT_CLASS = YES_ERROR;
				CLANG_WARN_QUOTED_INCLUDE_IN_FRAMEWORK_HEADER = YES;
				CLANG_WARN_RANGE_LOOP_ANALYSIS = YES;
				CLANG_WARN_STRICT_PROTOTYPES = YES;
				CLANG_WARN_SUSPICIOUS_MOVE = YES;
				CLANG_WARN_UNGUARDED_AVAILABILITY = YES_AGGRESSIVE;
				CLANG_WARN_UNREACHABLE_CODE = YES;
				CLANG_WARN__DUPLICATE_METHOD_MATCH = YES;
				COPY_PHASE_STRIP = NO;
				DEBUG_INFORMATION_FORMAT = dwarf;
				ENABLE_STRICT_OBJC_MSGSEND = YES;
				ENABLE_TESTABILITY = YES;
				GCC_C_LANGUAGE_STANDARD = gnu11;
				GCC_DYNAMIC_NO_PIC = NO;
				GCC_NO_COMMON_BLOCKS = YES;
				GCC_OPTIMIZATION_LEVEL = 0;
				GCC_PREPROCESSOR_DEFINITIONS = (
					"DEBUG=1",
					"$(inherited)",
				);
				GCC_WARN_64_TO_32_BIT_CONVERSION = YES;
				GCC_WARN_ABOUT_RETURN_TYPE = YES_ERROR;
				GCC_WARN_UNDECLARED_SELECTOR = YES;
				GCC_WARN_UNINITIALIZED_AUTOS = YES_AGGRESSIVE;
				GCC_WARN_UNUSED_FUNCTION = YES;
				GCC_WARN_UNUSED_VARIABLE = YES;
				IPHONEOS_DEPLOYMENT_TARGET = 14.4;
				MTL_ENABLE_DEBUG_INFO = INCLUDE_SOURCE;
				MTL_FAST_MATH = YES;
				ONLY_ACTIVE_ARCH = YES;
				SDKROOT = iphoneos;
				SWIFT_ACTIVE_COMPILATION_CONDITIONS = DEBUG;
				SWIFT_OPTIMIZATION_LEVEL = "-Onone";
			};
			name = Debug;
		};
		040B7ACB25F0443B00ACC1AC /* Release */ = {
			isa = XCBuildConfiguration;
			buildSettings = {
				ALWAYS_SEARCH_USER_PATHS = NO;
				CLANG_ANALYZER_NONNULL = YES;
				CLANG_ANALYZER_NUMBER_OBJECT_CONVERSION = YES_AGGRESSIVE;
				CLANG_CXX_LANGUAGE_STANDARD = "gnu++14";
				CLANG_CXX_LIBRARY = "libc++";
				CLANG_ENABLE_MODULES = YES;
				CLANG_ENABLE_OBJC_ARC = YES;
				CLANG_ENABLE_OBJC_WEAK = YES;
				CLANG_WARN_BLOCK_CAPTURE_AUTORELEASING = YES;
				CLANG_WARN_BOOL_CONVERSION = YES;
				CLANG_WARN_COMMA = YES;
				CLANG_WARN_CONSTANT_CONVERSION = YES;
				CLANG_WARN_DEPRECATED_OBJC_IMPLEMENTATIONS = YES;
				CLANG_WARN_DIRECT_OBJC_ISA_USAGE = YES_ERROR;
				CLANG_WARN_DOCUMENTATION_COMMENTS = YES;
				CLANG_WARN_EMPTY_BODY = YES;
				CLANG_WARN_ENUM_CONVERSION = YES;
				CLANG_WARN_INFINITE_RECURSION = YES;
				CLANG_WARN_INT_CONVERSION = YES;
				CLANG_WARN_NON_LITERAL_NULL_CONVERSION = YES;
				CLANG_WARN_OBJC_IMPLICIT_RETAIN_SELF = YES;
				CLANG_WARN_OBJC_LITERAL_CONVERSION = YES;
				CLANG_WARN_OBJC_ROOT_CLASS = YES_ERROR;
				CLANG_WARN_QUOTED_INCLUDE_IN_FRAMEWORK_HEADER = YES;
				CLANG_WARN_RANGE_LOOP_ANALYSIS = YES;
				CLANG_WARN_STRICT_PROTOTYPES = YES;
				CLANG_WARN_SUSPICIOUS_MOVE = YES;
				CLANG_WARN_UNGUARDED_AVAILABILITY = YES_AGGRESSIVE;
				CLANG_WARN_UNREACHABLE_CODE = YES;
				CLANG_WARN__DUPLICATE_METHOD_MATCH = YES;
				COPY_PHASE_STRIP = NO;
				DEBUG_INFORMATION_FORMAT = "dwarf-with-dsym";
				ENABLE_NS_ASSERTIONS = NO;
				ENABLE_STRICT_OBJC_MSGSEND = YES;
				GCC_C_LANGUAGE_STANDARD = gnu11;
				GCC_NO_COMMON_BLOCKS = YES;
				GCC_WARN_64_TO_32_BIT_CONVERSION = YES;
				GCC_WARN_ABOUT_RETURN_TYPE = YES_ERROR;
				GCC_WARN_UNDECLARED_SELECTOR = YES;
				GCC_WARN_UNINITIALIZED_AUTOS = YES_AGGRESSIVE;
				GCC_WARN_UNUSED_FUNCTION = YES;
				GCC_WARN_UNUSED_VARIABLE = YES;
				IPHONEOS_DEPLOYMENT_TARGET = 14.4;
				MTL_ENABLE_DEBUG_INFO = NO;
				MTL_FAST_MATH = YES;
				SDKROOT = iphoneos;
				SWIFT_COMPILATION_MODE = wholemodule;
				SWIFT_OPTIMIZATION_LEVEL = "-O";
				VALIDATE_PRODUCT = YES;
			};
			name = Release;
		};
		040B7ACD25F0443B00ACC1AC /* Debug */ = {
			isa = XCBuildConfiguration;
			buildSettings = {
				ASSETCATALOG_COMPILER_APPICON_NAME = AppIcon;
				ASSETCATALOG_COMPILER_GLOBAL_ACCENT_COLOR_NAME = AccentColor;
				CODE_SIGN_STYLE = Automatic;
				DEVELOPMENT_TEAM = V9669RC3VN;
				INFOPLIST_FILE = CheckMyLiquid/Info.plist;
				LD_RUNPATH_SEARCH_PATHS = (
					"$(inherited)",
					"@executable_path/Frameworks",
				);
				PRODUCT_BUNDLE_IDENTIFIER = com.devscorch.CheckMyLiquid;
				PRODUCT_NAME = "$(TARGET_NAME)";
				SWIFT_VERSION = 5.0;
				TARGETED_DEVICE_FAMILY = "1,2";
			};
			name = Debug;
		};
		040B7ACE25F0443B00ACC1AC /* Release */ = {
			isa = XCBuildConfiguration;
			buildSettings = {
				ASSETCATALOG_COMPILER_APPICON_NAME = AppIcon;
				ASSETCATALOG_COMPILER_GLOBAL_ACCENT_COLOR_NAME = AccentColor;
				CODE_SIGN_STYLE = Automatic;
				DEVELOPMENT_TEAM = V9669RC3VN;
				INFOPLIST_FILE = CheckMyLiquid/Info.plist;
				LD_RUNPATH_SEARCH_PATHS = (
					"$(inherited)",
					"@executable_path/Frameworks",
				);
				PRODUCT_BUNDLE_IDENTIFIER = com.devscorch.CheckMyLiquid;
				PRODUCT_NAME = "$(TARGET_NAME)";
				SWIFT_VERSION = 5.0;
				TARGETED_DEVICE_FAMILY = "1,2";
			};
			name = Release;
		};
/* End XCBuildConfiguration section */

/* Begin XCConfigurationList section */
		040B7AB325F0443900ACC1AC /* Build configuration list for PBXProject "CheckMyLiquid" */ = {
			isa = XCConfigurationList;
			buildConfigurations = (
				040B7ACA25F0443B00ACC1AC /* Debug */,
				040B7ACB25F0443B00ACC1AC /* Release */,
			);
			defaultConfigurationIsVisible = 0;
			defaultConfigurationName = Release;
		};
		040B7ACC25F0443B00ACC1AC /* Build configuration list for PBXNativeTarget "CheckMyLiquid" */ = {
			isa = XCConfigurationList;
			buildConfigurations = (
				040B7ACD25F0443B00ACC1AC /* Debug */,
				040B7ACE25F0443B00ACC1AC /* Release */,
			);
			defaultConfigurationIsVisible = 0;
			defaultConfigurationName = Release;
		};
/* End XCConfigurationList section */
	};
	rootObject = 040B7AB025F0443900ACC1AC /* Project object */;
}
